<Solution>
  <Folder Name="/src/">
    <Project Path="src/MarineInsight.Application/MarineInsight.Application.csproj" />
    <Project Path="src/MarineInsight.Domain/MarineInsight.Domain.csproj" />
    <Project Path="src/MarineInsight.Infrastructure/MarineInsight.Infrastructure.csproj" />
    <Project Path="src/MarineInsight.Web/MarineInsight.Web.csproj" />
  </Folder>
  <Folder Name="/tests/">
    <Project Path="tests/MarineInsight.Application.Tests/MarineInsight.Application.Tests.csproj" />
    <Project Path="tests/MarineInsight.Domain.Tests/MarineInsight.Domain.Tests.csproj" />
    <Project Path="tests/MarineInsight.Infrastructure.Tests/MarineInsight.Infrastructure.Tests.csproj" />
    <Project Path="tests/MarineInsight.Web.Tests/MarineInsight.Web.Tests.csproj" />
  </Folder>
</Solution>
